
Microsoft Visual Studio Solution File, Format Version 12.00
# Visual Studio Version 17
VisualStudioVersion = 17.7.34024.191
MinimumVisualStudioVersion = 10.0.40219.1
Project("{FAE04EC0-301F-11D3-BF4B-00C04F79EFBC}") = "Practice4-2", "Practice4-2\Practice4-2.csproj", "{D4E1003F-6D73-4D23-912C-F7CFE4AB7D5F}"
EndProject
Global
	GlobalSection(SolutionConfigurationPlatforms) = preSolution
		Debug|Any CPU = Debug|Any CPU
		Release|Any CPU = Release|Any CPU
	EndGlobalSection
	GlobalSection(ProjectConfigurationPlatforms) = postSolution
		{D4E1003F-6D73-4D23-912C-F7CFE4AB7D5F}.Debug|Any CPU.ActiveCfg = Debug|Any CPU
		{D4E1003F-6D73-4D23-912C-F7CFE4AB7D5F}.Debug|Any CPU.Build.0 = Debug|Any CPU
		{D4E1003F-6D73-4D23-912C-F7CFE4AB7D5F}.Release|Any CPU.ActiveCfg = Release|Any CPU
		{D4E1003F-6D73-4D23-912C-F7CFE4AB7D5F}.Release|Any CPU.Build.0 = Release|Any CPU
	EndGlobalSection
	GlobalSection(SolutionProperties) = preSolution
		HideSolutionNode = FALSE
	EndGlobalSection
	GlobalSection(ExtensibilityGlobals) = postSolution
		SolutionGuid = {D7063C7F-B150-4CF2-B810-4287E90241FF}
	EndGlobalSection
EndGlobal
