
Microsoft Visual Studio Solution File, Format Version 12.00
# Visual Studio Version 17
VisualStudioVersion = 17.7.34024.191
MinimumVisualStudioVersion = 10.0.40219.1
Project("{FAE04EC0-301F-11D3-BF4B-00C04F79EFBC}") = "Practice1-2", "Practice1-2\Practice1-2.csproj", "{24963582-4D3B-4E36-B4B2-A583D7969D09}"
EndProject
Global
	GlobalSection(SolutionConfigurationPlatforms) = preSolution
		Debug|Any CPU = Debug|Any CPU
		Release|Any CPU = Release|Any CPU
	EndGlobalSection
	GlobalSection(ProjectConfigurationPlatforms) = postSolution
		{24963582-4D3B-4E36-B4B2-A583D7969D09}.Debug|Any CPU.ActiveCfg = Debug|Any CPU
		{24963582-4D3B-4E36-B4B2-A583D7969D09}.Debug|Any CPU.Build.0 = Debug|Any CPU
		{24963582-4D3B-4E36-B4B2-A583D7969D09}.Release|Any CPU.ActiveCfg = Release|Any CPU
		{24963582-4D3B-4E36-B4B2-A583D7969D09}.Release|Any CPU.Build.0 = Release|Any CPU
	EndGlobalSection
	GlobalSection(SolutionProperties) = preSolution
		HideSolutionNode = FALSE
	EndGlobalSection
	GlobalSection(ExtensibilityGlobals) = postSolution
		SolutionGuid = {D0767003-A487-49B2-935C-5356083BC717}
	EndGlobalSection
EndGlobal
