
Microsoft Visual Studio Solution File, Format Version 12.00
# Visual Studio Version 17
VisualStudioVersion = 17.7.34202.233
MinimumVisualStudioVersion = 10.0.40219.1
Project("{FAE04EC0-301F-11D3-BF4B-00C04F79EFBC}") = "Practice6-1", "Practice6-1\Practice6-1.csproj", "{529FD2BA-ECA0-4575-99D6-345BF42BC617}"
EndProject
Global
	GlobalSection(SolutionConfigurationPlatforms) = preSolution
		Debug|Any CPU = Debug|Any CPU
		Release|Any CPU = Release|Any CPU
	EndGlobalSection
	GlobalSection(ProjectConfigurationPlatforms) = postSolution
		{529FD2BA-ECA0-4575-99D6-345BF42BC617}.Debug|Any CPU.ActiveCfg = Debug|Any CPU
		{529FD2BA-ECA0-4575-99D6-345BF42BC617}.Debug|Any CPU.Build.0 = Debug|Any CPU
		{529FD2BA-ECA0-4575-99D6-345BF42BC617}.Release|Any CPU.ActiveCfg = Release|Any CPU
		{529FD2BA-ECA0-4575-99D6-345BF42BC617}.Release|Any CPU.Build.0 = Release|Any CPU
	EndGlobalSection
	GlobalSection(SolutionProperties) = preSolution
		HideSolutionNode = FALSE
	EndGlobalSection
	GlobalSection(ExtensibilityGlobals) = postSolution
		SolutionGuid = {F9C93480-B510-4401-891A-39AE8FEA4CB0}
	EndGlobalSection
EndGlobal
