
Microsoft Visual Studio Solution File, Format Version 12.00
# Visual Studio Version 17
VisualStudioVersion = 17.7.34024.191
MinimumVisualStudioVersion = 10.0.40219.1
Project("{FAE04EC0-301F-11D3-BF4B-00C04F79EFBC}") = "Practice5-1", "Practice5-1\Practice5-1.csproj", "{3BF8FF23-6810-4043-A3AA-4A99A91D84BE}"
EndProject
Global
	GlobalSection(SolutionConfigurationPlatforms) = preSolution
		Debug|Any CPU = Debug|Any CPU
		Release|Any CPU = Release|Any CPU
	EndGlobalSection
	GlobalSection(ProjectConfigurationPlatforms) = postSolution
		{3BF8FF23-6810-4043-A3AA-4A99A91D84BE}.Debug|Any CPU.ActiveCfg = Debug|Any CPU
		{3BF8FF23-6810-4043-A3AA-4A99A91D84BE}.Debug|Any CPU.Build.0 = Debug|Any CPU
		{3BF8FF23-6810-4043-A3AA-4A99A91D84BE}.Release|Any CPU.ActiveCfg = Release|Any CPU
		{3BF8FF23-6810-4043-A3AA-4A99A91D84BE}.Release|Any CPU.Build.0 = Release|Any CPU
	EndGlobalSection
	GlobalSection(SolutionProperties) = preSolution
		HideSolutionNode = FALSE
	EndGlobalSection
	GlobalSection(ExtensibilityGlobals) = postSolution
		SolutionGuid = {BA41F799-24AF-4431-ADBD-7854683B27F4}
	EndGlobalSection
EndGlobal
